// !$*UTF8*$!
{
	archiveVersion = 1;
	classes = {
	};
	objectVersion = 50;
	objects = {

/* Begin PBXBuildFile section */
		552712F62126B76C0096F27E /* AppDelegate.swift in Sources */ = {isa = PBXBuildFile; fileRef = 552712F52126B76C0096F27E /* AppDelegate.swift */; };
		552712F82126B76C0096F27E /* ViewController.swift in Sources */ = {isa = PBXBuildFile; fileRef = 552712F72126B76C0096F27E /* ViewController.swift */; };
		552712FB2126B76C0096F27E /* Main.storyboard in Resources */ = {isa = PBXBuildFile; fileRef = 552712F92126B76C0096F27E /* Main.storyboard */; };
		552712FD2126B76E0096F27E /* Assets.xcassets in Resources */ = {isa = PBXBuildFile; fileRef = 552712FC2126B76E0096F27E /* Assets.xcassets */; };
		552713002126B76E0096F27E /* LaunchScreen.storyboard in Resources */ = {isa = PBXBuildFile; fileRef = 552712FE2126B76E0096F27E /* LaunchScreen.storyboard */; };
		5527130A2126B83D0096F27E /* Measure.swift in Sources */ = {isa = PBXBuildFile; fileRef = 552713072126B83D0096F27E /* Measure.swift */; };
		5527130B2126B83D0096F27E /* VideoCapture.swift in Sources */ = {isa = PBXBuildFile; fileRef = 552713082126B83D0096F27E /* VideoCapture.swift */; };
		5527130C2126B83D0096F27E /* PoseView.swift in Sources */ = {isa = PBXBuildFile; fileRef = 552713092126B83D0096F27E /* PoseView.swift */; };
		552713102126BA030096F27E /* mv2_cpm_model_104000.mlmodel in Sources */ = {isa = PBXBuildFile; fileRef = 5527130F2126BA030096F27E /* mv2_cpm_model_104000.mlmodel */; };
/* End PBXBuildFile section */

/* Begin PBXFileReference section */
		552712F22126B76C0096F27E /* FingertipEstimation-CoreML.app */ = {isa = PBXFileReference; explicitFileType = wrapper.application; includeInIndex = 0; path = "FingertipEstimation-CoreML.app"; sourceTree = BUILT_PRODUCTS_DIR; };
		552712F52126B76C0096F27E /* AppDelegate.swift */ = {isa = PBXFileReference; lastKnownFileType = sourcecode.swift; path = AppDelegate.swift; sourceTree = "<group>"; };
		552712F72126B76C0096F27E /* ViewController.swift */ = {isa = PBXFileReference; lastKnownFileType = sourcecode.swift; path = ViewController.swift; sourceTree = "<group>"; };
		552712FA2126B76C0096F27E /* Base */ = {isa = PBXFileReference; lastKnownFileType = file.storyboard; name = Base; path = Base.lproj/Main.storyboard; sourceTree = "<group>"; };
		552712FC2126B76E0096F27E /* Assets.xcassets */ = {isa = PBXFileReference; lastKnownFileType = folder.assetcatalog; path = Assets.xcassets; sourceTree = "<group>"; };
		552712FF2126B76E0096F27E /* Base */ = {isa = PBXFileReference; lastKnownFileType = file.storyboard; name = Base; path = Base.lproj/LaunchScreen.storyboard; sourceTree = "<group>"; };
		552713012126B76E0096F27E /* Info.plist */ = {isa = PBXFileReference; lastKnownFileType = text.plist.xml; path = Info.plist; sourceTree = "<group>"; };
		552713072126B83D0096F27E /* Measure.swift */ = {isa = PBXFileReference; fileEncoding = 4; lastKnownFileType = sourcecode.swift; path = Measure.swift; sourceTree = "<group>"; };
		552713082126B83D0096F27E /* VideoCapture.swift */ = {isa = PBXFileReference; fileEncoding = 4; lastKnownFileType = sourcecode.swift; path = VideoCapture.swift; sourceTree = "<group>"; };
		552713092126B83D0096F27E /* PoseView.swift */ = {isa = PBXFileReference; fileEncoding = 4; lastKnownFileType = sourcecode.swift; path = PoseView.swift; sourceTree = "<group>"; };
		5527130F2126BA030096F27E /* mv2_cpm_model_104000.mlmodel */ = {isa = PBXFileReference; lastKnownFileType = file.mlmodel; path = mv2_cpm_model_104000.mlmodel; sourceTree = "<group>"; };
/* End PBXFileReference section */

/* Begin PBXFrameworksBuildPhase section */
		552712EF2126B76C0096F27E /* Frameworks */ = {
			isa = PBXFrameworksBuildPhase;
			buildActionMask = 2147483647;
			files = (
			);
			runOnlyForDeploymentPostprocessing = 0;
		};
/* End PBXFrameworksBuildPhase section */

/* Begin PBXGroup section */
		552712E92126B76C0096F27E = {
			isa = PBXGroup;
			children = (
				552712F42126B76C0096F27E /* FingertipEstimation-CoreML */,
				552712F32126B76C0096F27E /* Products */,
			);
			sourceTree = "<group>";
		};
		552712F32126B76C0096F27E /* Products */ = {
			isa = PBXGroup;
			children = (
				552712F22126B76C0096F27E /* FingertipEstimation-CoreML.app */,
			);
			name = Products;
			sourceTree = "<group>";
		};
		552712F42126B76C0096F27E /* FingertipEstimation-CoreML */ = {
			isa = PBXGroup;
			children = (
				5527130F2126BA030096F27E /* mv2_cpm_model_104000.mlmodel */,
				552712F52126B76C0096F27E /* AppDelegate.swift */,
				552712F72126B76C0096F27E /* ViewController.swift */,
				552713072126B83D0096F27E /* Measure.swift */,
				552713092126B83D0096F27E /* PoseView.swift */,
				552713082126B83D0096F27E /* VideoCapture.swift */,
				552712F92126B76C0096F27E /* Main.storyboard */,
				552712FC2126B76E0096F27E /* Assets.xcassets */,
				552712FE2126B76E0096F27E /* LaunchScreen.storyboard */,
				552713012126B76E0096F27E /* Info.plist */,
			);
			path = "FingertipEstimation-CoreML";
			sourceTree = "<group>";
		};
/* End PBXGroup section */

/* Begin PBXNativeTarget section */
		552712F12126B76C0096F27E /* FingertipEstimation-CoreML */ = {
			isa = PBXNativeTarget;
			buildConfigurationList = 552713042126B76E0096F27E /* Build configuration list for PBXNativeTarget "FingertipEstimation-CoreML" */;
			buildPhases = (
				552712EE2126B76C0096F27E /* Sources */,
				552712EF2126B76C0096F27E /* Frameworks */,
				552712F02126B76C0096F27E /* Resources */,
			);
			buildRules = (
			);
			dependencies = (
			);
			name = "FingertipEstimation-CoreML";
			productName = "FingertipEstimation-CoreML";
			productReference = 552712F22126B76C0096F27E /* FingertipEstimation-CoreML.app */;
			productType = "com.apple.product-type.application";
		};
/* End PBXNativeTarget section */

/* Begin PBXProject section */
		552712EA2126B76C0096F27E /* Project object */ = {
			isa = PBXProject;
			attributes = {
				LastSwiftUpdateCheck = 1000;
				LastUpgradeCheck = 1000;
				ORGANIZATIONNAME = tucan9389;
				TargetAttributes = {
					552712F12126B76C0096F27E = {
						CreatedOnToolsVersion = 10.0;
					};
				};
			};
			buildConfigurationList = 552712ED2126B76C0096F27E /* Build configuration list for PBXProject "FingertipEstimation-CoreML" */;
			compatibilityVersion = "Xcode 9.3";
			developmentRegion = en;
			hasScannedForEncodings = 0;
			knownRegions = (
				en,
				Base,
			);
			mainGroup = 552712E92126B76C0096F27E;
			productRefGroup = 552712F32126B76C0096F27E /* Products */;
			projectDirPath = "";
			projectRoot = "";
			targets = (
				552712F12126B76C0096F27E /* FingertipEstimation-CoreML */,
			);
		};
/* End PBXProject section */

/* Begin PBXResourcesBuildPhase section */
		552712F02126B76C0096F27E /* Resources */ = {
			isa = PBXResourcesBuildPhase;
			buildActionMask = 2147483647;
			files = (
				552713002126B76E0096F27E /* LaunchScreen.storyboard in Resources */,
				552712FD2126B76E0096F27E /* Assets.xcassets in Resources */,
				552712FB2126B76C0096F27E /* Main.storyboard in Resources */,
			);
			runOnlyForDeploymentPostprocessing = 0;
		};
/* End PBXResourcesBuildPhase section */

/* Begin PBXSourcesBuildPhase section */
		552712EE2126B76C0096F27E /* Sources */ = {
			isa = PBXSourcesBuildPhase;
			buildActionMask = 2147483647;
			files = (
				5527130B2126B83D0096F27E /* VideoCapture.swift in Sources */,
				552712F82126B76C0096F27E /* ViewController.swift in Sources */,
				5527130C2126B83D0096F27E /* PoseView.swift in Sources */,
				552712F62126B76C0096F27E /* AppDelegate.swift in Sources */,
				552713102126BA030096F27E /* mv2_cpm_model_104000.mlmodel in Sources */,
				5527130A2126B83D0096F27E /* Measure.swift in Sources */,
			);
			runOnlyForDeploymentPostprocessing = 0;
		};
/* End PBXSourcesBuildPhase section */

/* Begin PBXVariantGroup section */
		552712F92126B76C0096F27E /* Main.storyboard */ = {
			isa = PBXVariantGroup;
			children = (
				552712FA2126B76C0096F27E /* Base */,
			);
			name = Main.storyboard;
			sourceTree = "<group>";
		};
		552712FE2126B76E0096F27E /* LaunchScreen.storyboard */ = {
			isa = PBXVariantGroup;
			children = (
				552712FF2126B76E0096F27E /* Base */,
			);
			name = LaunchScreen.storyboard;
			sourceTree = "<group>";
		};
/* End PBXVariantGroup section */

/* Begin XCBuildConfiguration section */
		552713022126B76E0096F27E /* Debug */ = {
			isa = XCBuildConfiguration;
			buildSettings = {
				ALWAYS_SEARCH_USER_PATHS = NO;
				CLANG_ANALYZER_NONNULL = YES;
				CLANG_ANALYZER_NUMBER_OBJECT_CONVERSION = YES_AGGRESSIVE;
				CLANG_CXX_LANGUAGE_STANDARD = "gnu++14";
				CLANG_CXX_LIBRARY = "libc++";
				CLANG_ENABLE_MODULES = YES;
				CLANG_ENABLE_OBJC_ARC = YES;
				CLANG_ENABLE_OBJC_WEAK = YES;
				CLANG_WARN_BLOCK_CAPTURE_AUTORELEASING = YES;
				CLANG_WARN_BOOL_CONVERSION = YES;
				CLANG_WARN_COMMA = YES;
				CLANG_WARN_CONSTANT_CONVERSION = YES;
				CLANG_WARN_DEPRECATED_OBJC_IMPLEMENTATIONS = YES;
				CLANG_WARN_DIRECT_OBJC_ISA_USAGE = YES_ERROR;
				CLANG_WARN_DOCUMENTATION_COMMENTS = YES;
				CLANG_WARN_EMPTY_BODY = YES;
				CLANG_WARN_ENUM_CONVERSION = YES;
				CLANG_WARN_INFINITE_RECURSION = YES;
				CLANG_WARN_INT_CONVERSION = YES;
				CLANG_WARN_NON_LITERAL_NULL_CONVERSION = YES;
				CLANG_WARN_OBJC_IMPLICIT_RETAIN_SELF = YES;
				CLANG_WARN_OBJC_LITERAL_CONVERSION = YES;
				CLANG_WARN_OBJC_ROOT_CLASS = YES_ERROR;
				CLANG_WARN_RANGE_LOOP_ANALYSIS = YES;
				CLANG_WARN_STRICT_PROTOTYPES = YES;
				CLANG_WARN_SUSPICIOUS_MOVE = YES;
				CLANG_WARN_UNGUARDED_AVAILABILITY = YES_AGGRESSIVE;
				CLANG_WARN_UNREACHABLE_CODE = YES;
				CLANG_WARN__DUPLICATE_METHOD_MATCH = YES;
				CODE_SIGN_IDENTITY = "iPhone Developer";
				COPY_PHASE_STRIP = NO;
				DEBUG_INFORMATION_FORMAT = dwarf;
				ENABLE_STRICT_OBJC_MSGSEND = YES;
				ENABLE_TESTABILITY = YES;
				GCC_C_LANGUAGE_STANDARD = gnu11;
				GCC_DYNAMIC_NO_PIC = NO;
				GCC_NO_COMMON_BLOCKS = YES;
				GCC_OPTIMIZATION_LEVEL = 0;
				GCC_PREPROCESSOR_DEFINITIONS = (
					"DEBUG=1",
					"$(inherited)",
				);
				GCC_WARN_64_TO_32_BIT_CONVERSION = YES;
				GCC_WARN_ABOUT_RETURN_TYPE = YES_ERROR;
				GCC_WARN_UNDECLARED_SELECTOR = YES;
				GCC_WARN_UNINITIALIZED_AUTOS = YES_AGGRESSIVE;
				GCC_WARN_UNUSED_FUNCTION = YES;
				GCC_WARN_UNUSED_VARIABLE = YES;
				IPHONEOS_DEPLOYMENT_TARGET = 12.0;
				MTL_ENABLE_DEBUG_INFO = INCLUDE_SOURCE;
				MTL_FAST_MATH = YES;
				ONLY_ACTIVE_ARCH = YES;
				SDKROOT = iphoneos;
				SWIFT_ACTIVE_COMPILATION_CONDITIONS = DEBUG;
				SWIFT_OPTIMIZATION_LEVEL = "-Onone";
			};
			name = Debug;
		};
		552713032126B76E0096F27E /* Release */ = {
			isa = XCBuildConfiguration;
			buildSettings = {
				ALWAYS_SEARCH_USER_PATHS = NO;
				CLANG_ANALYZER_NONNULL = YES;
				CLANG_ANALYZER_NUMBER_OBJECT_CONVERSION = YES_AGGRESSIVE;
				CLANG_CXX_LANGUAGE_STANDARD = "gnu++14";
				CLANG_CXX_LIBRARY = "libc++";
				CLANG_ENABLE_MODULES = YES;
				CLANG_ENABLE_OBJC_ARC = YES;
				CLANG_ENABLE_OBJC_WEAK = YES;
				CLANG_WARN_BLOCK_CAPTURE_AUTORELEASING = YES;
				CLANG_WARN_BOOL_CONVERSION = YES;
				CLANG_WARN_COMMA = YES;
				CLANG_WARN_CONSTANT_CONVERSION = YES;
				CLANG_WARN_DEPRECATED_OBJC_IMPLEMENTATIONS = YES;
				CLANG_WARN_DIRECT_OBJC_ISA_USAGE = YES_ERROR;
				CLANG_WARN_DOCUMENTATION_COMMENTS = YES;
				CLANG_WARN_EMPTY_BODY = YES;
				CLANG_WARN_ENUM_CONVERSION = YES;
				CLANG_WARN_INFINITE_RECURSION = YES;
				CLANG_WARN_INT_CONVERSION = YES;
				CLANG_WARN_NON_LITERAL_NULL_CONVERSION = YES;
				CLANG_WARN_OBJC_IMPLICIT_RETAIN_SELF = YES;
				CLANG_WARN_OBJC_LITERAL_CONVERSION = YES;
				CLANG_WARN_OBJC_ROOT_CLASS = YES_ERROR;
				CLANG_WARN_RANGE_LOOP_ANALYSIS = YES;
				CLANG_WARN_STRICT_PROTOTYPES = YES;
				CLANG_WARN_SUSPICIOUS_MOVE = YES;
				CLANG_WARN_UNGUARDED_AVAILABILITY = YES_AGGRESSIVE;
				CLANG_WARN_UNREACHABLE_CODE = YES;
				CLANG_WARN__DUPLICATE_METHOD_MATCH = YES;
				CODE_SIGN_IDENTITY = "iPhone Developer";
				COPY_PHASE_STRIP = NO;
				DEBUG_INFORMATION_FORMAT = "dwarf-with-dsym";
				ENABLE_NS_ASSERTIONS = NO;
				ENABLE_STRICT_OBJC_MSGSEND = YES;
				GCC_C_LANGUAGE_STANDARD = gnu11;
				GCC_NO_COMMON_BLOCKS = YES;
				GCC_WARN_64_TO_32_BIT_CONVERSION = YES;
				GCC_WARN_ABOUT_RETURN_TYPE = YES_ERROR;
				GCC_WARN_UNDECLARED_SELECTOR = YES;
				GCC_WARN_UNINITIALIZED_AUTOS = YES_AGGRESSIVE;
				GCC_WARN_UNUSED_FUNCTION = YES;
				GCC_WARN_UNUSED_VARIABLE = YES;
				IPHONEOS_DEPLOYMENT_TARGET = 12.0;
				MTL_ENABLE_DEBUG_INFO = NO;
				MTL_FAST_MATH = YES;
				SDKROOT = iphoneos;
				SWIFT_COMPILATION_MODE = wholemodule;
				SWIFT_OPTIMIZATION_LEVEL = "-O";
				VALIDATE_PRODUCT = YES;
			};
			name = Release;
		};
		552713052126B76E0096F27E /* Debug */ = {
			isa = XCBuildConfiguration;
			buildSettings = {
				ASSETCATALOG_COMPILER_APPICON_NAME = AppIcon;
				CODE_SIGN_STYLE = Automatic;
				DEVELOPMENT_TEAM = 5WXJ4Z4H69;
				INFOPLIST_FILE = "FingertipEstimation-CoreML/Info.plist";
				LD_RUNPATH_SEARCH_PATHS = (
					"$(inherited)",
					"@executable_path/Frameworks",
				);
				PRODUCT_BUNDLE_IDENTIFIER = "com.tucan9389.FingertipEstimation-CoreML";
				PRODUCT_NAME = "$(TARGET_NAME)";
				SWIFT_VERSION = 4.0;
				TARGETED_DEVICE_FAMILY = "1,2";
			};
			name = Debug;
		};
		552713062126B76E0096F27E /* Release */ = {
			isa = XCBuildConfiguration;
			buildSettings = {
				ASSETCATALOG_COMPILER_APPICON_NAME = AppIcon;
				CODE_SIGN_STYLE = Automatic;
				DEVELOPMENT_TEAM = 5WXJ4Z4H69;
				INFOPLIST_FILE = "FingertipEstimation-CoreML/Info.plist";
				LD_RUNPATH_SEARCH_PATHS = (
					"$(inherited)",
					"@executable_path/Frameworks",
				);
				PRODUCT_BUNDLE_IDENTIFIER = "com.tucan9389.FingertipEstimation-CoreML";
				PRODUCT_NAME = "$(TARGET_NAME)";
				SWIFT_VERSION = 4.0;
				TARGETED_DEVICE_FAMILY = "1,2";
			};
			name = Release;
		};
/* End XCBuildConfiguration section */

/* Begin XCConfigurationList section */
		552712ED2126B76C0096F27E /* Build configuration list for PBXProject "FingertipEstimation-CoreML" */ = {
			isa = XCConfigurationList;
			buildConfigurations = (
				552713022126B76E0096F27E /* Debug */,
				552713032126B76E0096F27E /* Release */,
			);
			defaultConfigurationIsVisible = 0;
			defaultConfigurationName = Release;
		};
		552713042126B76E0096F27E /* Build configuration list for PBXNativeTarget "FingertipEstimation-CoreML" */ = {
			isa = XCConfigurationList;
			buildConfigurations = (
				552713052126B76E0096F27E /* Debug */,
				552713062126B76E0096F27E /* Release */,
			);
			defaultConfigurationIsVisible = 0;
			defaultConfigurationName = Release;
		};
/* End XCConfigurationList section */
	};
	rootObject = 552712EA2126B76C0096F27E /* Project object */;
}
